version = 1
revision = 3
requires-python = ">=3.13"

[[package]]
name = "beautifulsoup4"
version = "4.13.5"
source = { registry = "https://pypi.org/simple" }
dependencies = [
    { name = "soupsieve" },
    { name = "typing-extensions" },
]
sdist = { url = "https://files.pythonhosted.org/packages/85/2e/3e5079847e653b1f6dc647aa24549d68c6addb4c595cc0d902d1b19308ad/beautifulsoup4-4.13.5.tar.gz", hash = "sha256:5e70131382930e7c3de33450a2f54a63d5e4b19386eab43a5b34d594268f3695", size = 622954, upload-time = "2025-08-24T14:06:13.168Z" }
wheels = [
    { url = "https://files.pythonhosted.org/packages/04/eb/f4151e0c7377a6e08a38108609ba5cede57986802757848688aeedd1b9e8/beautifulsoup4-4.13.5-py3-none-any.whl", hash = "sha256:642085eaa22233aceadff9c69651bc51e8bf3f874fb6d7104ece2beb24b47c4a", size = 105113, upload-time = "2025-08-24T14:06:14.884Z" },
]

[[package]]
name = "certifi"
version = "2025.8.3"
source = { registry = "https://pypi.org/simple" }
sdist = { url = "https://files.pythonhosted.org/packages/dc/67/960ebe6bf230a96cda2e0abcf73af550ec4f090005363542f0765df162e0/certifi-2025.8.3.tar.gz", hash = "sha256:e564105f78ded564e3ae7c923924435e1daa7463faeab5bb932bc53ffae63407", size = 162386, upload-time = "2025-08-03T03:07:47.08Z" }
wheels = [
    { url = "https://files.pythonhosted.org/packages/e5/48/1549795ba7742c948d2ad169c1c8cdbae65bc450d6cd753d124b17c8cd32/certifi-2025.8.3-py3-none-any.whl", hash = "sha256:f6c12493cfb1b06ba2ff328595af9350c65d6644968e5d3a2ffd78699af217a5", size = 161216, upload-time = "2025-08-03T03:07:45.777Z" },
]

[[package]]
name = "cffi"
version = "1.17.1"
source = { registry = "https://pypi.org/simple" }
dependencies = [
    { name = "pycparser" },
]
sdist = { url = "https://files.pythonhosted.org/packages/fc/97/c783634659c2920c3fc70419e3af40972dbaf758daa229a7d6ea6135c90d/cffi-1.17.1.tar.gz", hash = "sha256:1c39c6016c32bc48dd54561950ebd6836e1670f2ae46128f67cf49e789c52824", size = 516621, upload-time = "2024-09-04T20:45:21.852Z" }
wheels = [
    { url = "https://files.pythonhosted.org/packages/8d/f8/dd6c246b148639254dad4d6803eb6a54e8c85c6e11ec9df2cffa87571dbe/cffi-1.17.1-cp313-cp313-macosx_10_13_x86_64.whl", hash = "sha256:f3a2b4222ce6b60e2e8b337bb9596923045681d71e5a082783484d845390938e", size = 182989, upload-time = "2024-09-04T20:44:28.956Z" },
    { url = "https://files.pythonhosted.org/packages/8b/f1/672d303ddf17c24fc83afd712316fda78dc6fce1cd53011b839483e1ecc8/cffi-1.17.1-cp313-cp313-macosx_11_0_arm64.whl", hash = "sha256:0984a4925a435b1da406122d4d7968dd861c1385afe3b45ba82b750f229811e2", size = 178802, upload-time = "2024-09-04T20:44:30.289Z" },
    { url = "https://files.pythonhosted.org/packages/0e/2d/eab2e858a91fdff70533cab61dcff4a1f55ec60425832ddfdc9cd36bc8af/cffi-1.17.1-cp313-cp313-manylinux_2_12_i686.manylinux2010_i686.manylinux_2_17_i686.manylinux2014_i686.whl", hash = "sha256:d01b12eeeb4427d3110de311e1774046ad344f5b1a7403101878976ecd7a10f3", size = 454792, upload-time = "2024-09-04T20:44:32.01Z" },
    { url = "https://files.pythonhosted.org/packages/75/b2/fbaec7c4455c604e29388d55599b99ebcc250a60050610fadde58932b7ee/cffi-1.17.1-cp313-cp313-manylinux_2_17_aarch64.manylinux2014_aarch64.whl", hash = "sha256:706510fe141c86a69c8ddc029c7910003a17353970cff3b904ff0686a5927683", size = 478893, upload-time = "2024-09-04T20:44:33.606Z" },
    { url = "https://files.pythonhosted.org/packages/4f/b7/6e4a2162178bf1935c336d4da8a9352cccab4d3a5d7914065490f08c0690/cffi-1.17.1-cp313-cp313-manylinux_2_17_ppc64le.manylinux2014_ppc64le.whl", hash = "sha256:de55b766c7aa2e2a3092c51e0483d700341182f08e67c63630d5b6f200bb28e5", size = 485810, upload-time = "2024-09-04T20:44:35.191Z" },
    { url = "https://files.pythonhosted.org/packages/c7/8a/1d0e4a9c26e54746dc08c2c6c037889124d4f59dffd853a659fa545f1b40/cffi-1.17.1-cp313-cp313-manylinux_2_17_s390x.manylinux2014_s390x.whl", hash = "sha256:c59d6e989d07460165cc5ad3c61f9fd8f1b4796eacbd81cee78957842b834af4", size = 471200, upload-time = "2024-09-04T20:44:36.743Z" },
    { url = "https://files.pythonhosted.org/packages/26/9f/1aab65a6c0db35f43c4d1b4f580e8df53914310afc10ae0397d29d697af4/cffi-1.17.1-cp313-cp313-manylinux_2_17_x86_64.manylinux2014_x86_64.whl", hash = "sha256:dd398dbc6773384a17fe0d3e7eeb8d1a21c2200473ee6806bb5e6a8e62bb73dd", size = 479447, upload-time = "2024-09-04T20:44:38.492Z" },
    { url = "https://files.pythonhosted.org/packages/5f/e4/fb8b3dd8dc0e98edf1135ff067ae070bb32ef9d509d6cb0f538cd6f7483f/cffi-1.17.1-cp313-cp313-musllinux_1_1_aarch64.whl", hash = "sha256:3edc8d958eb099c634dace3c7e16560ae474aa3803a5df240542b305d14e14ed", size = 484358, upload-time = "2024-09-04T20:44:40.046Z" },
    { url = "https://files.pythonhosted.org/packages/f1/47/d7145bf2dc04684935d57d67dff9d6d795b2ba2796806bb109864be3a151/cffi-1.17.1-cp313-cp313-musllinux_1_1_x86_64.whl", hash = "sha256:72e72408cad3d5419375fc87d289076ee319835bdfa2caad331e377589aebba9", size = 488469, upload-time = "2024-09-04T20:44:41.616Z" },
    { url = "https://files.pythonhosted.org/packages/bf/ee/f94057fa6426481d663b88637a9a10e859e492c73d0384514a17d78ee205/cffi-1.17.1-cp313-cp313-win32.whl", hash = "sha256:e03eab0a8677fa80d646b5ddece1cbeaf556c313dcfac435ba11f107ba117b5d", size = 172475, upload-time = "2024-09-04T20:44:43.733Z" },
    { url = "https://files.pythonhosted.org/packages/7c/fc/6a8cb64e5f0324877d503c854da15d76c1e50eb722e320b15345c4d0c6de/cffi-1.17.1-cp313-cp313-win_amd64.whl", hash = "sha256:f6a16c31041f09ead72d69f583767292f750d24913dadacf5756b966aacb3f1a", size = 182009, upload-time = "2024-09-04T20:44:45.309Z" },
]

[[package]]
name = "curl-cffi"
version = "0.13.0"
source = { registry = "https://pypi.org/simple" }
dependencies = [
    { name = "certifi" },
    { name = "cffi" },
]
sdist = { url = "https://files.pythonhosted.org/packages/4e/3d/f39ca1f8fdf14408888e7c25e15eed63eac5f47926e206fb93300d28378c/curl_cffi-0.13.0.tar.gz", hash = "sha256:62ecd90a382bd5023750e3606e0aa7cb1a3a8ba41c14270b8e5e149ebf72c5ca", size = 151303, upload-time = "2025-08-06T13:05:42.988Z" }
wheels = [
    { url = "https://files.pythonhosted.org/packages/19/d1/acabfd460f1de26cad882e5ef344d9adde1507034528cb6f5698a2e6a2f1/curl_cffi-0.13.0-cp39-abi3-macosx_10_9_x86_64.whl", hash = "sha256:434cadbe8df2f08b2fc2c16dff2779fb40b984af99c06aa700af898e185bb9db", size = 5686337, upload-time = "2025-08-06T13:05:28.985Z" },
    { url = "https://files.pythonhosted.org/packages/2c/1c/cdb4fb2d16a0e9de068e0e5bc02094e105ce58a687ff30b4c6f88e25a057/curl_cffi-0.13.0-cp39-abi3-macosx_11_0_arm64.whl", hash = "sha256:59afa877a9ae09efa04646a7d068eeea48915a95d9add0a29854e7781679fcd7", size = 2994613, upload-time = "2025-08-06T13:05:31.027Z" },
    { url = "https://files.pythonhosted.org/packages/04/3e/fdf617c1ec18c3038b77065d484d7517bb30f8fb8847224eb1f601a4e8bc/curl_cffi-0.13.0-cp39-abi3-manylinux_2_17_aarch64.manylinux2014_aarch64.whl", hash = "sha256:d06ed389e45a7ca97b17c275dbedd3d6524560270e675c720e93a2018a766076", size = 7931353, upload-time = "2025-08-06T13:05:32.273Z" },
    { url = "https://files.pythonhosted.org/packages/3d/10/6f30c05d251cf03ddc2b9fd19880f3cab8c193255e733444a2df03b18944/curl_cffi-0.13.0-cp39-abi3-manylinux_2_17_i686.manylinux2014_i686.whl", hash = "sha256:b4e0de45ab3b7a835c72bd53640c2347415111b43421b5c7a1a0b18deae2e541", size = 7486378, upload-time = "2025-08-06T13:05:33.672Z" },
    { url = "https://files.pythonhosted.org/packages/77/81/5bdb7dd0d669a817397b2e92193559bf66c3807f5848a48ad10cf02bf6c7/curl_cffi-0.13.0-cp39-abi3-manylinux_2_17_x86_64.manylinux2014_x86_64.whl", hash = "sha256:8eb4083371bbb94e9470d782de235fb5268bf43520de020c9e5e6be8f395443f", size = 8328585, upload-time = "2025-08-06T13:05:35.28Z" },
    { url = "https://files.pythonhosted.org/packages/ce/c1/df5c6b4cfad41c08442e0f727e449f4fb5a05f8aa564d1acac29062e9e8e/curl_cffi-0.13.0-cp39-abi3-musllinux_1_1_aarch64.whl", hash = "sha256:28911b526e8cd4aa0e5e38401bfe6887e8093907272f1f67ca22e6beb2933a51", size = 8739831, upload-time = "2025-08-06T13:05:37.078Z" },
    { url = "https://files.pythonhosted.org/packages/1a/91/6dd1910a212f2e8eafe57877bcf97748eb24849e1511a266687546066b8a/curl_cffi-0.13.0-cp39-abi3-musllinux_1_1_x86_64.whl", hash = "sha256:6d433ffcb455ab01dd0d7bde47109083aa38b59863aa183d29c668ae4c96bf8e", size = 8711908, upload-time = "2025-08-06T13:05:38.741Z" },
    { url = "https://files.pythonhosted.org/packages/6d/e4/15a253f9b4bf8d008c31e176c162d2704a7e0c5e24d35942f759df107b68/curl_cffi-0.13.0-cp39-abi3-win_amd64.whl", hash = "sha256:66a6b75ce971de9af64f1b6812e275f60b88880577bac47ef1fa19694fa21cd3", size = 1614510, upload-time = "2025-08-06T13:05:40.451Z" },
    { url = "https://files.pythonhosted.org/packages/f9/0f/9c5275f17ad6ff5be70edb8e0120fdc184a658c9577ca426d4230f654beb/curl_cffi-0.13.0-cp39-abi3-win_arm64.whl", hash = "sha256:d438a3b45244e874794bc4081dc1e356d2bb926dcc7021e5a8fef2e2105ef1d8", size = 1365753, upload-time = "2025-08-06T13:05:41.879Z" },
]

[[package]]
name = "feedgen"
version = "1.0.0"
source = { registry = "https://pypi.org/simple" }
dependencies = [
    { name = "lxml" },
    { name = "python-dateutil" },
]
sdist = { url = "https://files.pythonhosted.org/packages/6b/59/be0a6f852b5dfbf19e6c8e962c8f41407697f9f52a7902250ed98683ae89/feedgen-1.0.0.tar.gz", hash = "sha256:d9bd51c3b5e956a2a52998c3708c4d2c729f2fcc311188e1e5d3b9726393546a", size = 258496, upload-time = "2023-12-25T18:04:08.421Z" }

[[package]]
name = "lxml"
version = "6.0.1"
source = { registry = "https://pypi.org/simple" }
sdist = { url = "https://files.pythonhosted.org/packages/8f/bd/f9d01fd4132d81c6f43ab01983caea69ec9614b913c290a26738431a015d/lxml-6.0.1.tar.gz", hash = "sha256:2b3a882ebf27dd026df3801a87cf49ff791336e0f94b0fad195db77e01240690", size = 4070214, upload-time = "2025-08-22T10:37:53.525Z" }
wheels = [
    { url = "https://files.pythonhosted.org/packages/43/c4/cd757eeec4548e6652eff50b944079d18ce5f8182d2b2cf514e125e8fbcb/lxml-6.0.1-cp313-cp313-macosx_10_13_universal2.whl", hash = "sha256:485eda5d81bb7358db96a83546949c5fe7474bec6c68ef3fa1fb61a584b00eea", size = 8405139, upload-time = "2025-08-22T10:33:34.09Z" },
    { url = "https://files.pythonhosted.org/packages/ff/99/0290bb86a7403893f5e9658490c705fcea103b9191f2039752b071b4ef07/lxml-6.0.1-cp313-cp313-macosx_10_13_x86_64.whl", hash = "sha256:d12160adea318ce3d118f0b4fbdff7d1225c75fb7749429541b4d217b85c3f76", size = 4585954, upload-time = "2025-08-22T10:33:36.294Z" },
    { url = "https://files.pythonhosted.org/packages/88/a7/4bb54dd1e626342a0f7df6ec6ca44fdd5d0e100ace53acc00e9a689ead04/lxml-6.0.1-cp313-cp313-manylinux2014_aarch64.manylinux_2_17_aarch64.whl", hash = "sha256:48c8d335d8ab72f9265e7ba598ae5105a8272437403f4032107dbcb96d3f0b29", size = 4944052, upload-time = "2025-08-22T10:33:38.19Z" },
    { url = "https://files.pythonhosted.org/packages/71/8d/20f51cd07a7cbef6214675a8a5c62b2559a36d9303fe511645108887c458/lxml-6.0.1-cp313-cp313-manylinux2014_x86_64.manylinux_2_17_x86_64.whl", hash = "sha256:405e7cf9dbdbb52722c231e0f1257214202dfa192327fab3de45fd62e0554082", size = 5098885, upload-time = "2025-08-22T10:33:40.035Z" },
    { url = "https://files.pythonhosted.org/packages/5a/63/efceeee7245d45f97d548e48132258a36244d3c13c6e3ddbd04db95ff496/lxml-6.0.1-cp313-cp313-manylinux_2_26_aarch64.manylinux_2_28_aarch64.whl", hash = "sha256:299a790d403335a6a057ade46f92612ebab87b223e4e8c5308059f2dc36f45ed", size = 5017542, upload-time = "2025-08-22T10:33:41.896Z" },
    { url = "https://files.pythonhosted.org/packages/57/5d/92cb3d3499f5caba17f7933e6be3b6c7de767b715081863337ced42eb5f2/lxml-6.0.1-cp313-cp313-manylinux_2_26_i686.manylinux_2_28_i686.whl", hash = "sha256:48da704672f6f9c461e9a73250440c647638cc6ff9567ead4c3b1f189a604ee8", size = 5347303, upload-time = "2025-08-22T10:33:43.868Z" },
    { url = "https://files.pythonhosted.org/packages/69/f8/606fa16a05d7ef5e916c6481c634f40870db605caffed9d08b1a4fb6b989/lxml-6.0.1-cp313-cp313-manylinux_2_26_ppc64le.manylinux_2_28_ppc64le.whl", hash = "sha256:21e364e1bb731489e3f4d51db416f991a5d5da5d88184728d80ecfb0904b1d68", size = 5641055, upload-time = "2025-08-22T10:33:45.784Z" },
    { url = "https://files.pythonhosted.org/packages/b3/01/15d5fc74ebb49eac4e5df031fbc50713dcc081f4e0068ed963a510b7d457/lxml-6.0.1-cp313-cp313-manylinux_2_26_x86_64.manylinux_2_28_x86_64.whl", hash = "sha256:1bce45a2c32032afddbd84ed8ab092130649acb935536ef7a9559636ce7ffd4a", size = 5242719, upload-time = "2025-08-22T10:33:48.089Z" },
    { url = "https://files.pythonhosted.org/packages/42/a5/1b85e2aaaf8deaa67e04c33bddb41f8e73d07a077bf9db677cec7128bfb4/lxml-6.0.1-cp313-cp313-manylinux_2_31_armv7l.whl", hash = "sha256:fa164387ff20ab0e575fa909b11b92ff1481e6876835014e70280769920c4433", size = 4717310, upload-time = "2025-08-22T10:33:49.852Z" },
    { url = "https://files.pythonhosted.org/packages/42/23/f3bb1292f55a725814317172eeb296615db3becac8f1a059b53c51fc1da8/lxml-6.0.1-cp313-cp313-manylinux_2_38_riscv64.manylinux_2_39_riscv64.whl", hash = "sha256:7587ac5e000e1594e62278422c5783b34a82b22f27688b1074d71376424b73e8", size = 5254024, upload-time = "2025-08-22T10:33:52.22Z" },
    { url = "https://files.pythonhosted.org/packages/b4/be/4d768f581ccd0386d424bac615d9002d805df7cc8482ae07d529f60a3c1e/lxml-6.0.1-cp313-cp313-musllinux_1_2_aarch64.whl", hash = "sha256:57478424ac4c9170eabf540237125e8d30fad1940648924c058e7bc9fb9cf6dd", size = 5055335, upload-time = "2025-08-22T10:33:54.041Z" },
    { url = "https://files.pythonhosted.org/packages/40/07/ed61d1a3e77d1a9f856c4fab15ee5c09a2853fb7af13b866bb469a3a6d42/lxml-6.0.1-cp313-cp313-musllinux_1_2_armv7l.whl", hash = "sha256:09c74afc7786c10dd6afaa0be2e4805866beadc18f1d843cf517a7851151b499", size = 4784864, upload-time = "2025-08-22T10:33:56.382Z" },
    { url = "https://files.pythonhosted.org/packages/01/37/77e7971212e5c38a55431744f79dff27fd751771775165caea096d055ca4/lxml-6.0.1-cp313-cp313-musllinux_1_2_ppc64le.whl", hash = "sha256:7fd70681aeed83b196482d42a9b0dc5b13bab55668d09ad75ed26dff3be5a2f5", size = 5657173, upload-time = "2025-08-22T10:33:58.698Z" },
    { url = "https://files.pythonhosted.org/packages/32/a3/e98806d483941cd9061cc838b1169626acef7b2807261fbe5e382fcef881/lxml-6.0.1-cp313-cp313-musllinux_1_2_riscv64.whl", hash = "sha256:10a72e456319b030b3dd900df6b1f19d89adf06ebb688821636dc406788cf6ac", size = 5245896, upload-time = "2025-08-22T10:34:00.586Z" },
    { url = "https://files.pythonhosted.org/packages/07/de/9bb5a05e42e8623bf06b4638931ea8c8f5eb5a020fe31703abdbd2e83547/lxml-6.0.1-cp313-cp313-musllinux_1_2_x86_64.whl", hash = "sha256:b0fa45fb5f55111ce75b56c703843b36baaf65908f8b8d2fbbc0e249dbc127ed", size = 5267417, upload-time = "2025-08-22T10:34:02.719Z" },
    { url = "https://files.pythonhosted.org/packages/f2/43/c1cb2a7c67226266c463ef8a53b82d42607228beb763b5fbf4867e88a21f/lxml-6.0.1-cp313-cp313-win32.whl", hash = "sha256:01dab65641201e00c69338c9c2b8a0f2f484b6b3a22d10779bb417599fae32b5", size = 3610051, upload-time = "2025-08-22T10:34:04.553Z" },
    { url = "https://files.pythonhosted.org/packages/34/96/6a6c3b8aa480639c1a0b9b6faf2a63fb73ab79ffcd2a91cf28745faa22de/lxml-6.0.1-cp313-cp313-win_amd64.whl", hash = "sha256:bdf8f7c8502552d7bff9e4c98971910a0a59f60f88b5048f608d0a1a75e94d1c", size = 4009325, upload-time = "2025-08-22T10:34:06.24Z" },
    { url = "https://files.pythonhosted.org/packages/8c/66/622e8515121e1fd773e3738dae71b8df14b12006d9fb554ce90886689fd0/lxml-6.0.1-cp313-cp313-win_arm64.whl", hash = "sha256:a6aeca75959426b9fd8d4782c28723ba224fe07cfa9f26a141004210528dcbe2", size = 3670443, upload-time = "2025-08-22T10:34:07.974Z" },
    { url = "https://files.pythonhosted.org/packages/38/e3/b7eb612ce07abe766918a7e581ec6a0e5212352194001fd287c3ace945f0/lxml-6.0.1-cp314-cp314-macosx_10_13_universal2.whl", hash = "sha256:29b0e849ec7030e3ecb6112564c9f7ad6881e3b2375dd4a0c486c5c1f3a33859", size = 8426160, upload-time = "2025-08-22T10:34:10.154Z" },
    { url = "https://files.pythonhosted.org/packages/35/8f/ab3639a33595cf284fe733c6526da2ca3afbc5fd7f244ae67f3303cec654/lxml-6.0.1-cp314-cp314-macosx_10_13_x86_64.whl", hash = "sha256:02a0f7e629f73cc0be598c8b0611bf28ec3b948c549578a26111b01307fd4051", size = 4589288, upload-time = "2025-08-22T10:34:12.972Z" },
    { url = "https://files.pythonhosted.org/packages/2c/65/819d54f2e94d5c4458c1db8c1ccac9d05230b27c1038937d3d788eb406f9/lxml-6.0.1-cp314-cp314-manylinux2014_aarch64.manylinux_2_17_aarch64.whl", hash = "sha256:beab5e54de016e730875f612ba51e54c331e2fa6dc78ecf9a5415fc90d619348", size = 4964523, upload-time = "2025-08-22T10:34:15.474Z" },
    { url = "https://files.pythonhosted.org/packages/5b/4a/d4a74ce942e60025cdaa883c5a4478921a99ce8607fc3130f1e349a83b28/lxml-6.0.1-cp314-cp314-manylinux2014_x86_64.manylinux_2_17_x86_64.whl", hash = "sha256:92a08aefecd19ecc4ebf053c27789dd92c87821df2583a4337131cf181a1dffa", size = 5101108, upload-time = "2025-08-22T10:34:17.348Z" },
    { url = "https://files.pythonhosted.org/packages/cb/48/67f15461884074edd58af17b1827b983644d1fae83b3d909e9045a08b61e/lxml-6.0.1-cp314-cp314-manylinux_2_26_aarch64.manylinux_2_28_aarch64.whl", hash = "sha256:36c8fa7e177649470bc3dcf7eae6bee1e4984aaee496b9ccbf30e97ac4127fa2", size = 5053498, upload-time = "2025-08-22T10:34:19.232Z" },
    { url = "https://files.pythonhosted.org/packages/b6/d4/ec1bf1614828a5492f4af0b6a9ee2eb3e92440aea3ac4fa158e5228b772b/lxml-6.0.1-cp314-cp314-manylinux_2_26_i686.manylinux_2_28_i686.whl", hash = "sha256:5d08e0f1af6916267bb7eff21c09fa105620f07712424aaae09e8cb5dd4164d1", size = 5351057, upload-time = "2025-08-22T10:34:21.143Z" },
    { url = "https://files.pythonhosted.org/packages/65/2b/c85929dacac08821f2100cea3eb258ce5c8804a4e32b774f50ebd7592850/lxml-6.0.1-cp314-cp314-manylinux_2_26_ppc64le.manylinux_2_28_ppc64le.whl", hash = "sha256:9705cdfc05142f8c38c97a61bd3a29581ceceb973a014e302ee4a73cc6632476", size = 5671579, upload-time = "2025-08-22T10:34:23.528Z" },
    { url = "https://files.pythonhosted.org/packages/d0/36/cf544d75c269b9aad16752fd9f02d8e171c5a493ca225cb46bb7ba72868c/lxml-6.0.1-cp314-cp314-manylinux_2_26_x86_64.manylinux_2_28_x86_64.whl", hash = "sha256:74555e2da7c1636e30bff4e6e38d862a634cf020ffa591f1f63da96bf8b34772", size = 5250403, upload-time = "2025-08-22T10:34:25.642Z" },
    { url = "https://files.pythonhosted.org/packages/c2/e8/83dbc946ee598fd75fdeae6151a725ddeaab39bb321354a9468d4c9f44f3/lxml-6.0.1-cp314-cp314-manylinux_2_31_armv7l.whl", hash = "sha256:e38b5f94c5a2a5dadaddd50084098dfd005e5a2a56cd200aaf5e0a20e8941782", size = 4696712, upload-time = "2025-08-22T10:34:27.753Z" },
    { url = "https://files.pythonhosted.org/packages/f4/72/889c633b47c06205743ba935f4d1f5aa4eb7f0325d701ed2b0540df1b004/lxml-6.0.1-cp314-cp314-manylinux_2_38_riscv64.manylinux_2_39_riscv64.whl", hash = "sha256:a5ec101a92ddacb4791977acfc86c1afd624c032974bfb6a21269d1083c9bc49", size = 5268177, upload-time = "2025-08-22T10:34:29.804Z" },
    { url = "https://files.pythonhosted.org/packages/b0/b6/f42a21a1428479b66ea0da7bd13e370436aecaff0cfe93270c7e165bd2a4/lxml-6.0.1-cp314-cp314-musllinux_1_2_aarch64.whl", hash = "sha256:5c17e70c82fd777df586c12114bbe56e4e6f823a971814fd40dec9c0de518772", size = 5094648, upload-time = "2025-08-22T10:34:31.703Z" },
    { url = "https://files.pythonhosted.org/packages/51/b0/5f8c1e8890e2ee1c2053c2eadd1cb0e4b79e2304e2912385f6ca666f48b1/lxml-6.0.1-cp314-cp314-musllinux_1_2_armv7l.whl", hash = "sha256:45fdd0415a0c3d91640b5d7a650a8f37410966a2e9afebb35979d06166fd010e", size = 4745220, upload-time = "2025-08-22T10:34:33.595Z" },
    { url = "https://files.pythonhosted.org/packages/eb/f9/820b5125660dae489ca3a21a36d9da2e75dd6b5ffe922088f94bbff3b8a0/lxml-6.0.1-cp314-cp314-musllinux_1_2_ppc64le.whl", hash = "sha256:d417eba28981e720a14fcb98f95e44e7a772fe25982e584db38e5d3b6ee02e79", size = 5692913, upload-time = "2025-08-22T10:34:35.482Z" },
    { url = "https://files.pythonhosted.org/packages/23/8e/a557fae9eec236618aecf9ff35fec18df41b6556d825f3ad6017d9f6e878/lxml-6.0.1-cp314-cp314-musllinux_1_2_riscv64.whl", hash = "sha256:8e5d116b9e59be7934febb12c41cce2038491ec8fdb743aeacaaf36d6e7597e4", size = 5259816, upload-time = "2025-08-22T10:34:37.482Z" },
    { url = "https://files.pythonhosted.org/packages/fa/fd/b266cfaab81d93a539040be699b5854dd24c84e523a1711ee5f615aa7000/lxml-6.0.1-cp314-cp314-musllinux_1_2_x86_64.whl", hash = "sha256:c238f0d0d40fdcb695c439fe5787fa69d40f45789326b3bb6ef0d61c4b588d6e", size = 5276162, upload-time = "2025-08-22T10:34:39.507Z" },
    { url = "https://files.pythonhosted.org/packages/25/6c/6f9610fbf1de002048e80585ea4719591921a0316a8565968737d9f125ca/lxml-6.0.1-cp314-cp314-win32.whl", hash = "sha256:537b6cf1c5ab88cfd159195d412edb3e434fee880f206cbe68dff9c40e17a68a", size = 3669595, upload-time = "2025-08-22T10:34:41.783Z" },
    { url = "https://files.pythonhosted.org/packages/72/a5/506775e3988677db24dc75a7b03e04038e0b3d114ccd4bccea4ce0116c15/lxml-6.0.1-cp314-cp314-win_amd64.whl", hash = "sha256:911d0a2bb3ef3df55b3d97ab325a9ca7e438d5112c102b8495321105d25a441b", size = 4079818, upload-time = "2025-08-22T10:34:44.04Z" },
    { url = "https://files.pythonhosted.org/packages/0a/44/9613f300201b8700215856e5edd056d4e58dd23368699196b58877d4408b/lxml-6.0.1-cp314-cp314-win_arm64.whl", hash = "sha256:2834377b0145a471a654d699bdb3a2155312de492142ef5a1d426af2c60a0a31", size = 3753901, upload-time = "2025-08-22T10:34:45.799Z" },
]

[[package]]
name = "npci-rss-feeds"
version = "0.1.0"
source = { virtual = "." }
dependencies = [
    { name = "beautifulsoup4" },
    { name = "curl-cffi" },
    { name = "feedgen" },
    { name = "pyyaml" },
]

[package.metadata]
requires-dist = [
    { name = "beautifulsoup4", specifier = ">=4.13.5" },
    { name = "curl-cffi", specifier = ">=0.13.0" },
    { name = "feedgen", specifier = ">=1.0.0" },
    { name = "pyyaml", specifier = ">=6.0.2" },
]

[[package]]
name = "pycparser"
version = "2.22"
source = { registry = "https://pypi.org/simple" }
sdist = { url = "https://files.pythonhosted.org/packages/1d/b2/31537cf4b1ca988837256c910a668b553fceb8f069bedc4b1c826024b52c/pycparser-2.22.tar.gz", hash = "sha256:491c8be9c040f5390f5bf44a5b07752bd07f56edf992381b05c701439eec10f6", size = 172736, upload-time = "2024-03-30T13:22:22.564Z" }
wheels = [
    { url = "https://files.pythonhosted.org/packages/13/a3/a812df4e2dd5696d1f351d58b8fe16a405b234ad2886a0dab9183fb78109/pycparser-2.22-py3-none-any.whl", hash = "sha256:c3702b6d3dd8c7abc1afa565d7e63d53a1d0bd86cdc24edd75470f4de499cfcc", size = 117552, upload-time = "2024-03-30T13:22:20.476Z" },
]

[[package]]
name = "python-dateutil"
version = "2.9.0.post0"
source = { registry = "https://pypi.org/simple" }
dependencies = [
    { name = "six" },
]
sdist = { url = "https://files.pythonhosted.org/packages/66/c0/0c8b6ad9f17a802ee498c46e004a0eb49bc148f2fd230864601a86dcf6db/python-dateutil-2.9.0.post0.tar.gz", hash = "sha256:37dd54208da7e1cd875388217d5e00ebd4179249f90fb72437e91a35459a0ad3", size = 342432, upload-time = "2024-03-01T18:36:20.211Z" }
wheels = [
    { url = "https://files.pythonhosted.org/packages/ec/57/56b9bcc3c9c6a792fcbaf139543cee77261f3651ca9da0c93f5c1221264b/python_dateutil-2.9.0.post0-py2.py3-none-any.whl", hash = "sha256:a8b2bc7bffae282281c8140a97d3aa9c14da0b136dfe83f850eea9a5f7470427", size = 229892, upload-time = "2024-03-01T18:36:18.57Z" },
]

[[package]]
name = "pyyaml"
version = "6.0.2"
source = { registry = "https://pypi.org/simple" }
sdist = { url = "https://files.pythonhosted.org/packages/54/ed/79a089b6be93607fa5cdaedf301d7dfb23af5f25c398d5ead2525b063e17/pyyaml-6.0.2.tar.gz", hash = "sha256:d584d9ec91ad65861cc08d42e834324ef890a082e591037abe114850ff7bbc3e", size = 130631, upload-time = "2024-08-06T20:33:50.674Z" }
wheels = [
    { url = "https://files.pythonhosted.org/packages/ef/e3/3af305b830494fa85d95f6d95ef7fa73f2ee1cc8ef5b495c7c3269fb835f/PyYAML-6.0.2-cp313-cp313-macosx_10_13_x86_64.whl", hash = "sha256:efdca5630322a10774e8e98e1af481aad470dd62c3170801852d752aa7a783ba", size = 181309, upload-time = "2024-08-06T20:32:43.4Z" },
    { url = "https://files.pythonhosted.org/packages/45/9f/3b1c20a0b7a3200524eb0076cc027a970d320bd3a6592873c85c92a08731/PyYAML-6.0.2-cp313-cp313-macosx_11_0_arm64.whl", hash = "sha256:50187695423ffe49e2deacb8cd10510bc361faac997de9efef88badc3bb9e2d1", size = 171679, upload-time = "2024-08-06T20:32:44.801Z" },
    { url = "https://files.pythonhosted.org/packages/7c/9a/337322f27005c33bcb656c655fa78325b730324c78620e8328ae28b64d0c/PyYAML-6.0.2-cp313-cp313-manylinux_2_17_aarch64.manylinux2014_aarch64.whl", hash = "sha256:0ffe8360bab4910ef1b9e87fb812d8bc0a308b0d0eef8c8f44e0254ab3b07133", size = 733428, upload-time = "2024-08-06T20:32:46.432Z" },
    { url = "https://files.pythonhosted.org/packages/a3/69/864fbe19e6c18ea3cc196cbe5d392175b4cf3d5d0ac1403ec3f2d237ebb5/PyYAML-6.0.2-cp313-cp313-manylinux_2_17_s390x.manylinux2014_s390x.whl", hash = "sha256:17e311b6c678207928d649faa7cb0d7b4c26a0ba73d41e99c4fff6b6c3276484", size = 763361, upload-time = "2024-08-06T20:32:51.188Z" },
    { url = "https://files.pythonhosted.org/packages/04/24/b7721e4845c2f162d26f50521b825fb061bc0a5afcf9a386840f23ea19fa/PyYAML-6.0.2-cp313-cp313-manylinux_2_17_x86_64.manylinux2014_x86_64.whl", hash = "sha256:70b189594dbe54f75ab3a1acec5f1e3faa7e8cf2f1e08d9b561cb41b845f69d5", size = 759523, upload-time = "2024-08-06T20:32:53.019Z" },
    { url = "https://files.pythonhosted.org/packages/2b/b2/e3234f59ba06559c6ff63c4e10baea10e5e7df868092bf9ab40e5b9c56b6/PyYAML-6.0.2-cp313-cp313-musllinux_1_1_aarch64.whl", hash = "sha256:41e4e3953a79407c794916fa277a82531dd93aad34e29c2a514c2c0c5fe971cc", size = 726660, upload-time = "2024-08-06T20:32:54.708Z" },
    { url = "https://files.pythonhosted.org/packages/fe/0f/25911a9f080464c59fab9027482f822b86bf0608957a5fcc6eaac85aa515/PyYAML-6.0.2-cp313-cp313-musllinux_1_1_x86_64.whl", hash = "sha256:68ccc6023a3400877818152ad9a1033e3db8625d899c72eacb5a668902e4d652", size = 751597, upload-time = "2024-08-06T20:32:56.985Z" },
    { url = "https://files.pythonhosted.org/packages/14/0d/e2c3b43bbce3cf6bd97c840b46088a3031085179e596d4929729d8d68270/PyYAML-6.0.2-cp313-cp313-win32.whl", hash = "sha256:bc2fa7c6b47d6bc618dd7fb02ef6fdedb1090ec036abab80d4681424b84c1183", size = 140527, upload-time = "2024-08-06T20:33:03.001Z" },
    { url = "https://files.pythonhosted.org/packages/fa/de/02b54f42487e3d3c6efb3f89428677074ca7bf43aae402517bc7cca949f3/PyYAML-6.0.2-cp313-cp313-win_amd64.whl", hash = "sha256:8388ee1976c416731879ac16da0aff3f63b286ffdd57cdeb95f3f2e085687563", size = 156446, upload-time = "2024-08-06T20:33:04.33Z" },
]

[[package]]
name = "six"
version = "1.17.0"
source = { registry = "https://pypi.org/simple" }
sdist = { url = "https://files.pythonhosted.org/packages/94/e7/b2c673351809dca68a0e064b6af791aa332cf192da575fd474ed7d6f16a2/six-1.17.0.tar.gz", hash = "sha256:ff70335d468e7eb6ec65b95b99d3a2836546063f63acc5171de367e834932a81", size = 34031, upload-time = "2024-12-04T17:35:28.174Z" }
wheels = [
    { url = "https://files.pythonhosted.org/packages/b7/ce/149a00dd41f10bc29e5921b496af8b574d8413afcd5e30dfa0ed46c2cc5e/six-1.17.0-py2.py3-none-any.whl", hash = "sha256:4721f391ed90541fddacab5acf947aa0d3dc7d27b2e1e8eda2be8970586c3274", size = 11050, upload-time = "2024-12-04T17:35:26.475Z" },
]

[[package]]
name = "soupsieve"
version = "2.8"
source = { registry = "https://pypi.org/simple" }
sdist = { url = "https://files.pythonhosted.org/packages/6d/e6/21ccce3262dd4889aa3332e5a119a3491a95e8f60939870a3a035aabac0d/soupsieve-2.8.tar.gz", hash = "sha256:e2dd4a40a628cb5f28f6d4b0db8800b8f581b65bb380b97de22ba5ca8d72572f", size = 103472, upload-time = "2025-08-27T15:39:51.78Z" }
wheels = [
    { url = "https://files.pythonhosted.org/packages/14/a0/bb38d3b76b8cae341dad93a2dd83ab7462e6dbcdd84d43f54ee60a8dc167/soupsieve-2.8-py3-none-any.whl", hash = "sha256:0cc76456a30e20f5d7f2e14a98a4ae2ee4e5abdc7c5ea0aafe795f344bc7984c", size = 36679, upload-time = "2025-08-27T15:39:50.179Z" },
]

[[package]]
name = "typing-extensions"
version = "4.15.0"
source = { registry = "https://pypi.org/simple" }
sdist = { url = "https://files.pythonhosted.org/packages/72/94/1a15dd82efb362ac84269196e94cf00f187f7ed21c242792a923cdb1c61f/typing_extensions-4.15.0.tar.gz", hash = "sha256:0cea48d173cc12fa28ecabc3b837ea3cf6f38c6d1136f85cbaaf598984861466", size = 109391, upload-time = "2025-08-25T13:49:26.313Z" }
wheels = [
    { url = "https://files.pythonhosted.org/packages/18/67/36e9267722cc04a6b9f15c7f3441c2363321a3ea07da7ae0c0707beb2a9c/typing_extensions-4.15.0-py3-none-any.whl", hash = "sha256:f0fa19c6845758ab08074a0cfa8b7aecb71c999ca73d62883bc25cc018c4e548", size = 44614, upload-time = "2025-08-25T13:49:24.86Z" },
]
